
Microsoft Visual Studio Solution File, Format Version 12.00
# Visual Studio 15
VisualStudioVersion = 15.0.28307.1340
MinimumVisualStudioVersion = 10.0.40219.1
Project("{8BC9CEB8-8B4A-11D0-8D11-00A0C91BC942}") = "05_13_ex", "05_13_ex\05_13_ex.vcxproj", "{D020687C-CAD3-4E13-AD93-0B2351E1477A}"
EndProject
Global
	GlobalSection(SolutionConfigurationPlatforms) = preSolution
		Debug|x64 = Debug|x64
		Debug|x86 = Debug|x86
		Release|x64 = Release|x64
		Release|x86 = Release|x86
	EndGlobalSection
	GlobalSection(ProjectConfigurationPlatforms) = postSolution
		{D020687C-CAD3-4E13-AD93-0B2351E1477A}.Debug|x64.ActiveCfg = Debug|x64
		{D020687C-CAD3-4E13-AD93-0B2351E1477A}.Debug|x64.Build.0 = Debug|x64
		{D020687C-CAD3-4E13-AD93-0B2351E1477A}.Debug|x86.ActiveCfg = Debug|Win32
		{D020687C-CAD3-4E13-AD93-0B2351E1477A}.Debug|x86.Build.0 = Debug|Win32
		{D020687C-CAD3-4E13-AD93-0B2351E1477A}.Release|x64.ActiveCfg = Release|x64
		{D020687C-CAD3-4E13-AD93-0B2351E1477A}.Release|x64.Build.0 = Release|x64
		{D020687C-CAD3-4E13-AD93-0B2351E1477A}.Release|x86.ActiveCfg = Release|Win32
		{D020687C-CAD3-4E13-AD93-0B2351E1477A}.Release|x86.Build.0 = Release|Win32
	EndGlobalSection
	GlobalSection(SolutionProperties) = preSolution
		HideSolutionNode = FALSE
	EndGlobalSection
	GlobalSection(ExtensibilityGlobals) = postSolution
		SolutionGuid = {ABBA2DC7-0EE9-4E8E-B5F5-323057E59FA2}
	EndGlobalSection
EndGlobal
